
Microsoft Visual Studio Solution File, Format Version 12.00
# Visual Studio Version 17
VisualStudioVersion = 17.5.33424.131
MinimumVisualStudioVersion = 10.0.40219.1
Project("{FAE04EC0-301F-11D3-BF4B-00C04F79EFBC}") = "Masak-Memasak", "Masak-Memasak\Masak-Memasak.csproj", "{F485B162-EC27-4044-B7FC-C80D5E92FF07}"
EndProject
Global
	GlobalSection(SolutionConfigurationPlatforms) = preSolution
		Debug|Any CPU = Debug|Any CPU
		Release|Any CPU = Release|Any CPU
	EndGlobalSection
	GlobalSection(ProjectConfigurationPlatforms) = postSolution
		{F485B162-EC27-4044-B7FC-C80D5E92FF07}.Debug|Any CPU.ActiveCfg = Debug|Any CPU
		{F485B162-EC27-4044-B7FC-C80D5E92FF07}.Debug|Any CPU.Build.0 = Debug|Any CPU
		{F485B162-EC27-4044-B7FC-C80D5E92FF07}.Release|Any CPU.ActiveCfg = Release|Any CPU
		{F485B162-EC27-4044-B7FC-C80D5E92FF07}.Release|Any CPU.Build.0 = Release|Any CPU
	EndGlobalSection
	GlobalSection(SolutionProperties) = preSolution
		HideSolutionNode = FALSE
	EndGlobalSection
	GlobalSection(ExtensibilityGlobals) = postSolution
		SolutionGuid = {2CDE2C5D-6FE5-4732-9864-A727961910E5}
	EndGlobalSection
EndGlobal
