
Microsoft Visual Studio Solution File, Format Version 12.00
# Visual Studio Version 17
VisualStudioVersion = 17.7.34024.191
MinimumVisualStudioVersion = 10.0.40219.1
Project("{FAE04EC0-301F-11D3-BF4B-00C04F79EFBC}") = "CalculatorConsoleApp", "CalculatorConsoleApp\CalculatorConsoleApp.csproj", "{B07FD3A8-E591-434F-813C-CE4D327E2803}"
EndProject
Project("{FAE04EC0-301F-11D3-BF4B-00C04F79EFBC}") = "CalculatorWindowsFormsApp", "CalculatorWindowsFormsApp\CalculatorWindowsFormsApp.csproj", "{FC593107-6BD7-46F2-98BC-226E03890BB1}"
EndProject
Global
	GlobalSection(SolutionConfigurationPlatforms) = preSolution
		Debug|Any CPU = Debug|Any CPU
		Release|Any CPU = Release|Any CPU
	EndGlobalSection
	GlobalSection(ProjectConfigurationPlatforms) = postSolution
		{B07FD3A8-E591-434F-813C-CE4D327E2803}.Debug|Any CPU.ActiveCfg = Debug|Any CPU
		{B07FD3A8-E591-434F-813C-CE4D327E2803}.Debug|Any CPU.Build.0 = Debug|Any CPU
		{B07FD3A8-E591-434F-813C-CE4D327E2803}.Release|Any CPU.ActiveCfg = Release|Any CPU
		{B07FD3A8-E591-434F-813C-CE4D327E2803}.Release|Any CPU.Build.0 = Release|Any CPU
		{FC593107-6BD7-46F2-98BC-226E03890BB1}.Debug|Any CPU.ActiveCfg = Debug|Any CPU
		{FC593107-6BD7-46F2-98BC-226E03890BB1}.Debug|Any CPU.Build.0 = Debug|Any CPU
		{FC593107-6BD7-46F2-98BC-226E03890BB1}.Release|Any CPU.ActiveCfg = Release|Any CPU
		{FC593107-6BD7-46F2-98BC-226E03890BB1}.Release|Any CPU.Build.0 = Release|Any CPU
	EndGlobalSection
	GlobalSection(SolutionProperties) = preSolution
		HideSolutionNode = FALSE
	EndGlobalSection
	GlobalSection(ExtensibilityGlobals) = postSolution
		SolutionGuid = {7F57E989-DE36-4F3D-9050-6BDAC76C20DB}
	EndGlobalSection
EndGlobal
