
Microsoft Visual Studio Solution File, Format Version 12.00
# Visual Studio Version 17
VisualStudioVersion = 17.7.34024.191
MinimumVisualStudioVersion = 10.0.40219.1
Project("{FAE04EC0-301F-11D3-BF4B-00C04F79EFBC}") = "delegate-event-eventhandler", "delegate-event-eventhandler\delegate-event-eventhandler.csproj", "{5623BD6D-3AA1-40F3-B851-8EFE83C3534C}"
EndProject
Global
	GlobalSection(SolutionConfigurationPlatforms) = preSolution
		Debug|Any CPU = Debug|Any CPU
		Release|Any CPU = Release|Any CPU
	EndGlobalSection
	GlobalSection(ProjectConfigurationPlatforms) = postSolution
		{5623BD6D-3AA1-40F3-B851-8EFE83C3534C}.Debug|Any CPU.ActiveCfg = Debug|Any CPU
		{5623BD6D-3AA1-40F3-B851-8EFE83C3534C}.Debug|Any CPU.Build.0 = Debug|Any CPU
		{5623BD6D-3AA1-40F3-B851-8EFE83C3534C}.Release|Any CPU.ActiveCfg = Release|Any CPU
		{5623BD6D-3AA1-40F3-B851-8EFE83C3534C}.Release|Any CPU.Build.0 = Release|Any CPU
	EndGlobalSection
	GlobalSection(SolutionProperties) = preSolution
		HideSolutionNode = FALSE
	EndGlobalSection
	GlobalSection(ExtensibilityGlobals) = postSolution
		SolutionGuid = {537F5791-C708-4D25-9F8C-DF69FA973E5C}
	EndGlobalSection
EndGlobal
